
Microsoft Visual Studio Solution File, Format Version 12.00
# Visual Studio Version 17
VisualStudioVersion = 17.6.33829.357
MinimumVisualStudioVersion = 10.0.40219.1
Project("{9A19103F-16F7-4668-BE54-9A1E7A4F7556}") = "EditorHtmlProject", "EditorHtmlProject.csproj", "{2AEE8117-7CD5-4DD6-B297-0C67789BA369}"
EndProject
Global
	GlobalSection(SolutionConfigurationPlatforms) = preSolution
		Debug|Any CPU = Debug|Any CPU
		Release|Any CPU = Release|Any CPU
	EndGlobalSection
	GlobalSection(ProjectConfigurationPlatforms) = postSolution
		{2AEE8117-7CD5-4DD6-B297-0C67789BA369}.Debug|Any CPU.ActiveCfg = Debug|Any CPU
		{2AEE8117-7CD5-4DD6-B297-0C67789BA369}.Debug|Any CPU.Build.0 = Debug|Any CPU
		{2AEE8117-7CD5-4DD6-B297-0C67789BA369}.Release|Any CPU.ActiveCfg = Release|Any CPU
		{2AEE8117-7CD5-4DD6-B297-0C67789BA369}.Release|Any CPU.Build.0 = Release|Any CPU
	EndGlobalSection
	GlobalSection(SolutionProperties) = preSolution
		HideSolutionNode = FALSE
	EndGlobalSection
	GlobalSection(ExtensibilityGlobals) = postSolution
		SolutionGuid = {22E979CE-A669-4F73-A9A3-78535CE1B940}
	EndGlobalSection
EndGlobal
